
Microsoft Visual Studio Solution File, Format Version 12.00
# Visual Studio Version 17
VisualStudioVersion = 17.7.34024.191
MinimumVisualStudioVersion = 10.0.40219.1
Project("{F184B08F-C81C-45F6-A57F-5ABD9991F28F}") = "Student_Information", "Student_Information.vbproj", "{03564BB9-4C2E-4F73-84F2-AC9A37CC8AEA}"
EndProject
Global
	GlobalSection(SolutionConfigurationPlatforms) = preSolution
		Debug|Any CPU = Debug|Any CPU
		Release|Any CPU = Release|Any CPU
	EndGlobalSection
	GlobalSection(ProjectConfigurationPlatforms) = postSolution
		{03564BB9-4C2E-4F73-84F2-AC9A37CC8AEA}.Debug|Any CPU.ActiveCfg = Debug|Any CPU
		{03564BB9-4C2E-4F73-84F2-AC9A37CC8AEA}.Debug|Any CPU.Build.0 = Debug|Any CPU
		{03564BB9-4C2E-4F73-84F2-AC9A37CC8AEA}.Release|Any CPU.ActiveCfg = Release|Any CPU
		{03564BB9-4C2E-4F73-84F2-AC9A37CC8AEA}.Release|Any CPU.Build.0 = Release|Any CPU
	EndGlobalSection
	GlobalSection(SolutionProperties) = preSolution
		HideSolutionNode = FALSE
	EndGlobalSection
	GlobalSection(ExtensibilityGlobals) = postSolution
		SolutionGuid = {BF05D9F0-898C-401C-BA31-788D9E4C9664}
	EndGlobalSection
EndGlobal
